<?xml version="1.0" encoding="UTF-8" standalone="yes" ?>
<CodeBlocks_project_file>
	<FileVersion major="1" minor="6" />
	<Project>
		<Option title="projeto final" />
		<Option pch_mode="2" />
		<Option compiler="gcc" />
		<Build>
			<Target title="Debug">
				<Option output="bin/Debug/projeto final" prefix_auto="1" extension_auto="1" />
				<Option object_output="obj/Debug/" />
				<Option type="1" />
				<Option compiler="gcc" />
				<Compiler>
					<Add option="-g" />
				</Compiler>
			</Target>
			<Target title="Release">
				<Option output="bin/Release/projeto final" prefix_auto="1" extension_auto="1" />
				<Option object_output="obj/Release/" />
				<Option type="1" />
				<Option compiler="gcc" />
				<Compiler>
					<Add option="-O2" />
				</Compiler>
				<Linker>
					<Add option="-s" />
				</Linker>
			</Target>
		</Build>
		<Compiler>
			<Add option="-Wall" />
			<Add option="-fexceptions" />
		</Compiler>
		<Unit filename="../projeto final/projeto final/administrador.cpp" />
		<Unit filename="../projeto final/projeto final/administrador.h" />
		<Unit filename="../projeto final/projeto final/biblioteca.cpp" />
		<Unit filename="../projeto final/projeto final/biblioteca.h" />
		<Unit filename="../projeto final/projeto final/comum.cpp" />
		<Unit filename="../projeto final/projeto final/comum.h" />
		<Unit filename="../projeto final/projeto final/emprestimo.cpp" />
		<Unit filename="../projeto final/projeto final/emprestimo.h" />
		<Unit filename="../projeto final/projeto final/item.cpp" />
		<Unit filename="../projeto final/projeto final/item.h" />
		<Unit filename="../projeto final/projeto final/livro.cpp" />
		<Unit filename="../projeto final/projeto final/livro.h" />
		<Unit filename="../projeto final/projeto final/main.cpp" />
		<Unit filename="../projeto final/projeto final/monografia.cpp" />
		<Unit filename="../projeto final/projeto final/monografia.h" />
		<Unit filename="../projeto final/projeto final/periodico.cpp" />
		<Unit filename="../projeto final/projeto final/periodico.h" />
		<Unit filename="../projeto final/projeto final/usuario.cpp" />
		<Unit filename="../projeto final/projeto final/usuario.h" />
		<Extensions />
	</Project>
</CodeBlocks_project_file>
